{
  "version": 4,
  "terraform_version": "1.3.9",
  "serial": 54,
  "lineage": "33337f77-7fc7-4304-eca9-69a1a82233f1",
  "outputs": {},
  "resources": [
    {
      "module": "module.staging[\"1\"]",
      "mode": "data",
      "type": "vsphere_compute_cluster",
      "name": "cluster",
      "provider": "provider[\"registry.terraform.io/hashicorp/vsphere\"]",
      "instances": [
        {
          "schema_version": 0,
          "attributes": {
            "datacenter_id": "datacenter-3",
            "id": "domain-c8",
            "name": "Eduardo",
            "resource_pool_id": "resgroup-9"
          },
          "sensitive_attributes": []
        }
      ]
    },
    {
      "module": "module.staging[\"1\"]",
      "mode": "data",
      "type": "vsphere_datacenter",
      "name": "dc",
      "provider": "provider[\"registry.terraform.io/hashicorp/vsphere\"]",
      "instances": [
        {
          "schema_version": 0,
          "attributes": {
            "id": "datacenter-3",
            "name": "The Outlands"
          },
          "sensitive_attributes": []
        }
      ]
    },
    {
      "module": "module.staging[\"1\"]",
      "mode": "data",
      "type": "vsphere_datastore",
      "name": "datastore",
      "provider": "provider[\"registry.terraform.io/hashicorp/vsphere\"]",
      "instances": [
        {
          "schema_version": 0,
          "attributes": {
            "datacenter_id": "datacenter-3",
            "id": "datastore-19",
            "name": "nvme-30A"
          },
          "sensitive_attributes": []
        }
      ]
    },
    {
      "module": "module.staging[\"1\"]",
      "mode": "data",
      "type": "vsphere_network",
      "name": "network",
      "provider": "provider[\"registry.terraform.io/hashicorp/vsphere\"]",
      "instances": [
        {
          "schema_version": 0,
          "attributes": {
            "datacenter_id": "datacenter-3",
            "distributed_virtual_switch_uuid": null,
            "id": "network-35",
            "name": "LAN",
            "type": "Network"
          },
          "sensitive_attributes": []
        }
      ]
    },
    {
      "module": "module.staging[\"1\"]",
      "mode": "data",
      "type": "vsphere_virtual_machine",
      "name": "template",
      "provider": "provider[\"registry.terraform.io/hashicorp/vsphere\"]",
      "instances": [
        {
          "schema_version": 0,
          "attributes": {
            "alternate_guest_name": "",
            "annotation": "",
            "boot_delay": 0,
            "boot_retry_delay": 10000,
            "boot_retry_enabled": false,
            "change_version": "2023-02-27T17:51:45.748255Z",
            "cpu_hot_add_enabled": false,
            "cpu_hot_remove_enabled": false,
            "cpu_limit": -1,
            "cpu_performance_counters_enabled": false,
            "cpu_reservation": 0,
            "cpu_share_count": 1000,
            "cpu_share_level": "normal",
            "datacenter_id": "datacenter-3",
            "default_ip_address": null,
            "disks": [
              {
                "eagerly_scrub": false,
                "label": "Hard disk 1",
                "size": 16,
                "thin_provisioned": true,
                "unit_number": 0
              }
            ],
            "efi_secure_boot_enabled": false,
            "enable_disk_uuid": false,
            "enable_logging": true,
            "ept_rvi_mode": "automatic",
            "extra_config": {},
            "firmware": "bios",
            "guest_id": "otherLinux64Guest",
            "guest_ip_addresses": [],
            "hardware_version": 19,
            "hv_mode": "hvAuto",
            "id": "4213d64b-0211-97bd-6fad-8964bd354139",
            "ide_controller_scan_count": 2,
            "latency_sensitivity": "normal",
            "memory": 1024,
            "memory_hot_add_enabled": false,
            "memory_limit": -1,
            "memory_reservation": 1024,
            "memory_share_count": 320,
            "memory_share_level": "normal",
            "name": "deb-x11-template",
            "nested_hv_enabled": false,
            "network_interface_types": [
              "vmxnet3"
            ],
            "network_interfaces": [
              {
                "adapter_type": "vmxnet3",
                "bandwidth_limit": -1,
                "bandwidth_reservation": 0,
                "bandwidth_share_count": 50,
                "bandwidth_share_level": "normal",
                "mac_address": "00:50:56:93:01:ae",
                "network_id": "network-35"
              }
            ],
            "num_cores_per_socket": 1,
            "num_cpus": 1,
            "replace_trigger": null,
            "run_tools_scripts_after_power_on": true,
            "run_tools_scripts_after_resume": true,
            "run_tools_scripts_before_guest_reboot": false,
            "run_tools_scripts_before_guest_shutdown": true,
            "run_tools_scripts_before_guest_standby": true,
            "sata_controller_scan_count": 0,
            "scsi_bus_sharing": "noSharing",
            "scsi_controller_scan_count": 1,
            "scsi_type": "lsilogic-sas",
            "storage_policy_id": null,
            "swap_placement_policy": "inherit",
            "sync_time_with_host": true,
            "sync_time_with_host_periodically": false,
            "tools_upgrade_policy": "manual",
            "uuid": "4213d64b-0211-97bd-6fad-8964bd354139",
            "vapp": null,
            "vapp_transport": [],
            "vbs_enabled": false,
            "vvtd_enabled": false
          },
          "sensitive_attributes": []
        }
      ]
    },
    {
      "module": "module.staging[\"1\"]",
      "mode": "managed",
      "type": "vsphere_virtual_machine",
      "name": "standalone",
      "provider": "provider[\"registry.terraform.io/hashicorp/vsphere\"]",
      "instances": [
        {
          "schema_version": 3,
          "attributes": {
            "alternate_guest_name": "",
            "annotation": "",
            "boot_delay": 0,
            "boot_retry_delay": 10000,
            "boot_retry_enabled": false,
            "cdrom": [],
            "change_version": "2023-02-27T18:01:21.758227Z",
            "clone": [
              {
                "customize": [
                  {
                    "dns_server_list": [
                      "172.16.16.1"
                    ],
                    "dns_suffix_list": [
                      "typhon.tech"
                    ],
                    "ipv4_gateway": "172.16.16.1",
                    "ipv6_gateway": "",
                    "linux_options": [
                      {
                        "domain": "typhon.tech",
                        "host_name": "node-1",
                        "hw_clock_utc": true,
                        "script_text": "",
                        "time_zone": ""
                      }
                    ],
                    "network_interface": [
                      {
                        "dns_domain": "",
                        "dns_server_list": null,
                        "ipv4_address": "172.16.16.231",
                        "ipv4_netmask": 24,
                        "ipv6_address": "",
                        "ipv6_netmask": 0
                      }
                    ],
                    "timeout": 20,
                    "windows_options": [],
                    "windows_sysprep_text": ""
                  }
                ],
                "linked_clone": false,
                "ovf_network_map": null,
                "ovf_storage_map": null,
                "template_uuid": "4213d64b-0211-97bd-6fad-8964bd354139",
                "timeout": 30
              }
            ],
            "cpu_hot_add_enabled": false,
            "cpu_hot_remove_enabled": false,
            "cpu_limit": -1,
            "cpu_performance_counters_enabled": false,
            "cpu_reservation": 0,
            "cpu_share_count": 2000,
            "cpu_share_level": "normal",
            "custom_attributes": null,
            "datacenter_id": null,
            "datastore_cluster_id": null,
            "datastore_id": "datastore-19",
            "default_ip_address": "172.16.16.231",
            "disk": [
              {
                "attach": false,
                "controller_type": "scsi",
                "datastore_id": "datastore-19",
                "device_address": "scsi:0:0",
                "disk_mode": "persistent",
                "disk_sharing": "sharingNone",
                "eagerly_scrub": false,
                "io_limit": -1,
                "io_reservation": 0,
                "io_share_count": 1000,
                "io_share_level": "normal",
                "keep_on_remove": false,
                "key": 2000,
                "label": "node-1.vmdk",
                "path": "node-1/node-1.vmdk",
                "size": 16,
                "storage_policy_id": "",
                "thin_provisioned": true,
                "unit_number": 0,
                "uuid": "6000C29f-8b82-40a9-87ed-ed89c8ffcf1f",
                "write_through": false
              }
            ],
            "efi_secure_boot_enabled": false,
            "enable_disk_uuid": false,
            "enable_logging": false,
            "ept_rvi_mode": "automatic",
            "extra_config": {
              "guestinfo.metadata": "I2Nsb3VkLWNvbmZpZwpsb2NhbC1ob3N0bmFtZTogbm9kZS0xLXRlcnJhZm9ybQppbnN0YW5jZS1pZDogbm9kZS0xLXRlcnJhZm9ybQpuZXR3b3JrOgogIHZlcnNpb246IDIKICBldGhlcm5ldHM6CiAgICBlbnMxOTI6CiAgICAgIGRoY3A0OiBmYWxzZQogICAgICBhZGRyZXNzZXM6CiAgICAgICAgLSAxNzIuMTYuMTYuMjMxLzI0CiAgICAgIGdhdGV3YXk0OiAxNzIuMTYuMTYuMQogICAgICBuYW1lc2VydmVyczoKICAgICAgICBzZWFyY2g6IFtob21lXQogICAgICAgIGFkZHJlc3NlczogMTcyLjE2LjE2LjEKZ3Jvd3BhcnQ6CiAgbW9kZTogYXV0bwogIGRldmljZXM6IFsnL2Rldi9zZGEyJ10KICBpZ25vcmVfZ3Jvd3Jvb3RfZGlzYWJsZWQ6IHRydWUKd2FpdC1vbi1uZXR3b3JrOgogIGlwdjQ6IHRydWU=",
              "guestinfo.metadata.encoding": "base64",
              "guestinfo.userdata": "I2Nsb3VkLWNvbmZpZwp1c2VyczoKICAtIG5hbWU6IGh5b2dhCiAgICBncm91cHM6IHN1ZG8KICAgIHNoZWxsOiAvdXNyL2Jpbi96c2gKICAgIHN1ZG86IFsnQUxMPShBTEwpIE5PUEFTU1dEOkFMTCddCiAgICBzc2hfYXV0aG9yaXplZF9rZXlzOgogICAgICAtIHNzaC1lZDI1NTE5IEFBQUFDM056YUMxbFpESTFOVEU1QUFBQUlCSzJWbktnT1g3aTFJU0VUaGVxakFPMy94bzZEOW43UWJXeWZEQVBzWHdhIGNyeXB0bwoKcGFja2FnZXM6CiAgLSB2aW0KICAtIHpzaA==",
              "guestinfo.userdata.encoding": "base64"
            },
            "firmware": "bios",
            "folder": "",
            "force_power_off": true,
            "guest_id": "otherLinux64Guest",
            "guest_ip_addresses": [
              "172.16.16.231",
              "fe80::250:56ff:fe93:1df"
            ],
            "hardware_version": 19,
            "host_system_id": "host-17",
            "hv_mode": "hvAuto",
            "id": "4213aece-a0c2-de27-dcd1-dca7f1f4aef6",
            "ide_controller_count": 2,
            "ignored_guest_ips": null,
            "imported": null,
            "latency_sensitivity": "normal",
            "memory": 2048,
            "memory_hot_add_enabled": false,
            "memory_limit": -1,
            "memory_reservation": 0,
            "memory_share_count": 20480,
            "memory_share_level": "normal",
            "migrate_wait_timeout": 30,
            "moid": "vm-2035",
            "name": "node-1",
            "nested_hv_enabled": false,
            "network_interface": [
              {
                "adapter_type": "vmxnet3",
                "bandwidth_limit": -1,
                "bandwidth_reservation": 0,
                "bandwidth_share_count": 50,
                "bandwidth_share_level": "normal",
                "device_address": "pci:0:7",
                "key": 4000,
                "mac_address": "00:50:56:93:01:df",
                "network_id": "network-35",
                "ovf_mapping": "",
                "use_static_mac": false
              }
            ],
            "num_cores_per_socket": 1,
            "num_cpus": 2,
            "ovf_deploy": [],
            "pci_device_id": null,
            "power_state": "on",
            "poweron_timeout": 300,
            "reboot_required": false,
            "replace_trigger": null,
            "resource_pool_id": "resgroup-9",
            "run_tools_scripts_after_power_on": true,
            "run_tools_scripts_after_resume": true,
            "run_tools_scripts_before_guest_reboot": false,
            "run_tools_scripts_before_guest_shutdown": true,
            "run_tools_scripts_before_guest_standby": true,
            "sata_controller_count": 0,
            "scsi_bus_sharing": "noSharing",
            "scsi_controller_count": 1,
            "scsi_type": "pvscsi",
            "shutdown_wait_timeout": 3,
            "storage_policy_id": "",
            "swap_placement_policy": "inherit",
            "sync_time_with_host": false,
            "sync_time_with_host_periodically": false,
            "tags": null,
            "tools_upgrade_policy": "manual",
            "uuid": "4213aece-a0c2-de27-dcd1-dca7f1f4aef6",
            "vapp": [],
            "vapp_transport": [],
            "vbs_enabled": false,
            "vmware_tools_status": "guestToolsRunning",
            "vmx_path": "node-1/node-1.vmx",
            "vvtd_enabled": false,
            "wait_for_guest_ip_timeout": 0,
            "wait_for_guest_net_routable": true,
            "wait_for_guest_net_timeout": 5
          },
          "sensitive_attributes": [],
          "private": "eyJzY2hlbWFfdmVyc2lvbiI6IjMifQ==",
          "dependencies": [
            "module.staging.data.vsphere_compute_cluster.cluster",
            "module.staging.data.vsphere_datastore.datastore",
            "module.staging.data.vsphere_network.network",
            "module.staging.data.vsphere_virtual_machine.template"
          ]
        }
      ]
    },
    {
      "module": "module.staging[\"2\"]",
      "mode": "data",
      "type": "vsphere_compute_cluster",
      "name": "cluster",
      "provider": "provider[\"registry.terraform.io/hashicorp/vsphere\"]",
      "instances": [
        {
          "schema_version": 0,
          "attributes": {
            "datacenter_id": "datacenter-3",
            "id": "domain-c8",
            "name": "Eduardo",
            "resource_pool_id": "resgroup-9"
          },
          "sensitive_attributes": []
        }
      ]
    },
    {
      "module": "module.staging[\"2\"]",
      "mode": "data",
      "type": "vsphere_datacenter",
      "name": "dc",
      "provider": "provider[\"registry.terraform.io/hashicorp/vsphere\"]",
      "instances": [
        {
          "schema_version": 0,
          "attributes": {
            "id": "datacenter-3",
            "name": "The Outlands"
          },
          "sensitive_attributes": []
        }
      ]
    },
    {
      "module": "module.staging[\"2\"]",
      "mode": "data",
      "type": "vsphere_datastore",
      "name": "datastore",
      "provider": "provider[\"registry.terraform.io/hashicorp/vsphere\"]",
      "instances": [
        {
          "schema_version": 0,
          "attributes": {
            "datacenter_id": "datacenter-3",
            "id": "datastore-19",
            "name": "nvme-30A"
          },
          "sensitive_attributes": []
        }
      ]
    },
    {
      "module": "module.staging[\"2\"]",
      "mode": "data",
      "type": "vsphere_network",
      "name": "network",
      "provider": "provider[\"registry.terraform.io/hashicorp/vsphere\"]",
      "instances": [
        {
          "schema_version": 0,
          "attributes": {
            "datacenter_id": "datacenter-3",
            "distributed_virtual_switch_uuid": null,
            "id": "network-35",
            "name": "LAN",
            "type": "Network"
          },
          "sensitive_attributes": []
        }
      ]
    },
    {
      "module": "module.staging[\"2\"]",
      "mode": "data",
      "type": "vsphere_virtual_machine",
      "name": "template",
      "provider": "provider[\"registry.terraform.io/hashicorp/vsphere\"]",
      "instances": [
        {
          "schema_version": 0,
          "attributes": {
            "alternate_guest_name": "",
            "annotation": "",
            "boot_delay": 0,
            "boot_retry_delay": 10000,
            "boot_retry_enabled": false,
            "change_version": "2023-02-27T17:51:45.748255Z",
            "cpu_hot_add_enabled": false,
            "cpu_hot_remove_enabled": false,
            "cpu_limit": -1,
            "cpu_performance_counters_enabled": false,
            "cpu_reservation": 0,
            "cpu_share_count": 1000,
            "cpu_share_level": "normal",
            "datacenter_id": "datacenter-3",
            "default_ip_address": null,
            "disks": [
              {
                "eagerly_scrub": false,
                "label": "Hard disk 1",
                "size": 16,
                "thin_provisioned": true,
                "unit_number": 0
              }
            ],
            "efi_secure_boot_enabled": false,
            "enable_disk_uuid": false,
            "enable_logging": true,
            "ept_rvi_mode": "automatic",
            "extra_config": {},
            "firmware": "bios",
            "guest_id": "otherLinux64Guest",
            "guest_ip_addresses": [],
            "hardware_version": 19,
            "hv_mode": "hvAuto",
            "id": "4213d64b-0211-97bd-6fad-8964bd354139",
            "ide_controller_scan_count": 2,
            "latency_sensitivity": "normal",
            "memory": 1024,
            "memory_hot_add_enabled": false,
            "memory_limit": -1,
            "memory_reservation": 1024,
            "memory_share_count": 320,
            "memory_share_level": "normal",
            "name": "deb-x11-template",
            "nested_hv_enabled": false,
            "network_interface_types": [
              "vmxnet3"
            ],
            "network_interfaces": [
              {
                "adapter_type": "vmxnet3",
                "bandwidth_limit": -1,
                "bandwidth_reservation": 0,
                "bandwidth_share_count": 50,
                "bandwidth_share_level": "normal",
                "mac_address": "00:50:56:93:01:ae",
                "network_id": "network-35"
              }
            ],
            "num_cores_per_socket": 1,
            "num_cpus": 1,
            "replace_trigger": null,
            "run_tools_scripts_after_power_on": true,
            "run_tools_scripts_after_resume": true,
            "run_tools_scripts_before_guest_reboot": false,
            "run_tools_scripts_before_guest_shutdown": true,
            "run_tools_scripts_before_guest_standby": true,
            "sata_controller_scan_count": 0,
            "scsi_bus_sharing": "noSharing",
            "scsi_controller_scan_count": 1,
            "scsi_type": "lsilogic-sas",
            "storage_policy_id": null,
            "swap_placement_policy": "inherit",
            "sync_time_with_host": true,
            "sync_time_with_host_periodically": false,
            "tools_upgrade_policy": "manual",
            "uuid": "4213d64b-0211-97bd-6fad-8964bd354139",
            "vapp": null,
            "vapp_transport": [],
            "vbs_enabled": false,
            "vvtd_enabled": false
          },
          "sensitive_attributes": []
        }
      ]
    },
    {
      "module": "module.staging[\"2\"]",
      "mode": "managed",
      "type": "vsphere_virtual_machine",
      "name": "standalone",
      "provider": "provider[\"registry.terraform.io/hashicorp/vsphere\"]",
      "instances": [
        {
          "schema_version": 3,
          "attributes": {
            "alternate_guest_name": "",
            "annotation": "",
            "boot_delay": 0,
            "boot_retry_delay": 10000,
            "boot_retry_enabled": false,
            "cdrom": [],
            "change_version": "2023-02-27T18:01:21.706618Z",
            "clone": [
              {
                "customize": [
                  {
                    "dns_server_list": [
                      "172.16.16.1"
                    ],
                    "dns_suffix_list": [
                      "typhon.tech"
                    ],
                    "ipv4_gateway": "172.16.16.1",
                    "ipv6_gateway": "",
                    "linux_options": [
                      {
                        "domain": "typhon.tech",
                        "host_name": "node-2",
                        "hw_clock_utc": true,
                        "script_text": "",
                        "time_zone": ""
                      }
                    ],
                    "network_interface": [
                      {
                        "dns_domain": "",
                        "dns_server_list": null,
                        "ipv4_address": "172.16.16.232",
                        "ipv4_netmask": 24,
                        "ipv6_address": "",
                        "ipv6_netmask": 0
                      }
                    ],
                    "timeout": 20,
                    "windows_options": [],
                    "windows_sysprep_text": ""
                  }
                ],
                "linked_clone": false,
                "ovf_network_map": null,
                "ovf_storage_map": null,
                "template_uuid": "4213d64b-0211-97bd-6fad-8964bd354139",
                "timeout": 30
              }
            ],
            "cpu_hot_add_enabled": false,
            "cpu_hot_remove_enabled": false,
            "cpu_limit": -1,
            "cpu_performance_counters_enabled": false,
            "cpu_reservation": 0,
            "cpu_share_count": 2000,
            "cpu_share_level": "normal",
            "custom_attributes": null,
            "datacenter_id": null,
            "datastore_cluster_id": null,
            "datastore_id": "datastore-19",
            "default_ip_address": "172.16.16.232",
            "disk": [
              {
                "attach": false,
                "controller_type": "scsi",
                "datastore_id": "datastore-19",
                "device_address": "scsi:0:0",
                "disk_mode": "persistent",
                "disk_sharing": "sharingNone",
                "eagerly_scrub": false,
                "io_limit": -1,
                "io_reservation": 0,
                "io_share_count": 1000,
                "io_share_level": "normal",
                "keep_on_remove": false,
                "key": 2000,
                "label": "node-2.vmdk",
                "path": "node-2/node-2.vmdk",
                "size": 16,
                "storage_policy_id": "",
                "thin_provisioned": true,
                "unit_number": 0,
                "uuid": "6000C290-21dc-fbf3-7ad6-37a0377b761d",
                "write_through": false
              }
            ],
            "efi_secure_boot_enabled": false,
            "enable_disk_uuid": false,
            "enable_logging": false,
            "ept_rvi_mode": "automatic",
            "extra_config": {
              "guestinfo.metadata": "I2Nsb3VkLWNvbmZpZwpsb2NhbC1ob3N0bmFtZTogbm9kZS0yLXRlcnJhZm9ybQppbnN0YW5jZS1pZDogbm9kZS0yLXRlcnJhZm9ybQpuZXR3b3JrOgogIHZlcnNpb246IDIKICBldGhlcm5ldHM6CiAgICBlbnMxOTI6CiAgICAgIGRoY3A0OiBmYWxzZQogICAgICBhZGRyZXNzZXM6CiAgICAgICAgLSAxNzIuMTYuMTYuMjMyLzI0CiAgICAgIGdhdGV3YXk0OiAxNzIuMTYuMTYuMQogICAgICBuYW1lc2VydmVyczoKICAgICAgICBzZWFyY2g6IFtob21lXQogICAgICAgIGFkZHJlc3NlczogMTcyLjE2LjE2LjEKZ3Jvd3BhcnQ6CiAgbW9kZTogYXV0bwogIGRldmljZXM6IFsnL2Rldi9zZGEyJ10KICBpZ25vcmVfZ3Jvd3Jvb3RfZGlzYWJsZWQ6IHRydWUKd2FpdC1vbi1uZXR3b3JrOgogIGlwdjQ6IHRydWU=",
              "guestinfo.metadata.encoding": "base64",
              "guestinfo.userdata": "I2Nsb3VkLWNvbmZpZwp1c2VyczoKICAtIG5hbWU6IGh5b2dhCiAgICBncm91cHM6IHN1ZG8KICAgIHNoZWxsOiAvdXNyL2Jpbi96c2gKICAgIHN1ZG86IFsnQUxMPShBTEwpIE5PUEFTU1dEOkFMTCddCiAgICBzc2hfYXV0aG9yaXplZF9rZXlzOgogICAgICAtIHNzaC1lZDI1NTE5IEFBQUFDM056YUMxbFpESTFOVEU1QUFBQUlCSzJWbktnT1g3aTFJU0VUaGVxakFPMy94bzZEOW43UWJXeWZEQVBzWHdhIGNyeXB0bwoKcGFja2FnZXM6CiAgLSB2aW0KICAtIHpzaA==",
              "guestinfo.userdata.encoding": "base64"
            },
            "firmware": "bios",
            "folder": "",
            "force_power_off": true,
            "guest_id": "otherLinux64Guest",
            "guest_ip_addresses": [
              "172.16.16.232",
              "fe80::250:56ff:fe93:4765"
            ],
            "hardware_version": 19,
            "host_system_id": "host-17",
            "hv_mode": "hvAuto",
            "id": "4213615d-66c2-00df-3c99-0364b6df68bc",
            "ide_controller_count": 2,
            "ignored_guest_ips": null,
            "imported": null,
            "latency_sensitivity": "normal",
            "memory": 2048,
            "memory_hot_add_enabled": false,
            "memory_limit": -1,
            "memory_reservation": 0,
            "memory_share_count": 20480,
            "memory_share_level": "normal",
            "migrate_wait_timeout": 30,
            "moid": "vm-2036",
            "name": "node-2",
            "nested_hv_enabled": false,
            "network_interface": [
              {
                "adapter_type": "vmxnet3",
                "bandwidth_limit": -1,
                "bandwidth_reservation": 0,
                "bandwidth_share_count": 50,
                "bandwidth_share_level": "normal",
                "device_address": "pci:0:7",
                "key": 4000,
                "mac_address": "00:50:56:93:47:65",
                "network_id": "network-35",
                "ovf_mapping": "",
                "use_static_mac": false
              }
            ],
            "num_cores_per_socket": 1,
            "num_cpus": 2,
            "ovf_deploy": [],
            "pci_device_id": null,
            "power_state": "on",
            "poweron_timeout": 300,
            "reboot_required": false,
            "replace_trigger": null,
            "resource_pool_id": "resgroup-9",
            "run_tools_scripts_after_power_on": true,
            "run_tools_scripts_after_resume": true,
            "run_tools_scripts_before_guest_reboot": false,
            "run_tools_scripts_before_guest_shutdown": true,
            "run_tools_scripts_before_guest_standby": true,
            "sata_controller_count": 0,
            "scsi_bus_sharing": "noSharing",
            "scsi_controller_count": 1,
            "scsi_type": "pvscsi",
            "shutdown_wait_timeout": 3,
            "storage_policy_id": "",
            "swap_placement_policy": "inherit",
            "sync_time_with_host": false,
            "sync_time_with_host_periodically": false,
            "tags": null,
            "tools_upgrade_policy": "manual",
            "uuid": "4213615d-66c2-00df-3c99-0364b6df68bc",
            "vapp": [],
            "vapp_transport": [],
            "vbs_enabled": false,
            "vmware_tools_status": "guestToolsRunning",
            "vmx_path": "node-2/node-2.vmx",
            "vvtd_enabled": false,
            "wait_for_guest_ip_timeout": 0,
            "wait_for_guest_net_routable": true,
            "wait_for_guest_net_timeout": 5
          },
          "sensitive_attributes": [],
          "private": "eyJzY2hlbWFfdmVyc2lvbiI6IjMifQ==",
          "dependencies": [
            "module.staging.data.vsphere_compute_cluster.cluster",
            "module.staging.data.vsphere_datastore.datastore",
            "module.staging.data.vsphere_network.network",
            "module.staging.data.vsphere_virtual_machine.template"
          ]
        }
      ]
    },
    {
      "module": "module.staging[\"3\"]",
      "mode": "data",
      "type": "vsphere_compute_cluster",
      "name": "cluster",
      "provider": "provider[\"registry.terraform.io/hashicorp/vsphere\"]",
      "instances": [
        {
          "schema_version": 0,
          "attributes": {
            "datacenter_id": "datacenter-3",
            "id": "domain-c8",
            "name": "Eduardo",
            "resource_pool_id": "resgroup-9"
          },
          "sensitive_attributes": []
        }
      ]
    },
    {
      "module": "module.staging[\"3\"]",
      "mode": "data",
      "type": "vsphere_datacenter",
      "name": "dc",
      "provider": "provider[\"registry.terraform.io/hashicorp/vsphere\"]",
      "instances": [
        {
          "schema_version": 0,
          "attributes": {
            "id": "datacenter-3",
            "name": "The Outlands"
          },
          "sensitive_attributes": []
        }
      ]
    },
    {
      "module": "module.staging[\"3\"]",
      "mode": "data",
      "type": "vsphere_datastore",
      "name": "datastore",
      "provider": "provider[\"registry.terraform.io/hashicorp/vsphere\"]",
      "instances": [
        {
          "schema_version": 0,
          "attributes": {
            "datacenter_id": "datacenter-3",
            "id": "datastore-19",
            "name": "nvme-30A"
          },
          "sensitive_attributes": []
        }
      ]
    },
    {
      "module": "module.staging[\"3\"]",
      "mode": "data",
      "type": "vsphere_network",
      "name": "network",
      "provider": "provider[\"registry.terraform.io/hashicorp/vsphere\"]",
      "instances": [
        {
          "schema_version": 0,
          "attributes": {
            "datacenter_id": "datacenter-3",
            "distributed_virtual_switch_uuid": null,
            "id": "network-35",
            "name": "LAN",
            "type": "Network"
          },
          "sensitive_attributes": []
        }
      ]
    },
    {
      "module": "module.staging[\"3\"]",
      "mode": "data",
      "type": "vsphere_virtual_machine",
      "name": "template",
      "provider": "provider[\"registry.terraform.io/hashicorp/vsphere\"]",
      "instances": [
        {
          "schema_version": 0,
          "attributes": {
            "alternate_guest_name": "",
            "annotation": "",
            "boot_delay": 0,
            "boot_retry_delay": 10000,
            "boot_retry_enabled": false,
            "change_version": "2023-02-27T17:51:45.748255Z",
            "cpu_hot_add_enabled": false,
            "cpu_hot_remove_enabled": false,
            "cpu_limit": -1,
            "cpu_performance_counters_enabled": false,
            "cpu_reservation": 0,
            "cpu_share_count": 1000,
            "cpu_share_level": "normal",
            "datacenter_id": "datacenter-3",
            "default_ip_address": null,
            "disks": [
              {
                "eagerly_scrub": false,
                "label": "Hard disk 1",
                "size": 16,
                "thin_provisioned": true,
                "unit_number": 0
              }
            ],
            "efi_secure_boot_enabled": false,
            "enable_disk_uuid": false,
            "enable_logging": true,
            "ept_rvi_mode": "automatic",
            "extra_config": {},
            "firmware": "bios",
            "guest_id": "otherLinux64Guest",
            "guest_ip_addresses": [],
            "hardware_version": 19,
            "hv_mode": "hvAuto",
            "id": "4213d64b-0211-97bd-6fad-8964bd354139",
            "ide_controller_scan_count": 2,
            "latency_sensitivity": "normal",
            "memory": 1024,
            "memory_hot_add_enabled": false,
            "memory_limit": -1,
            "memory_reservation": 1024,
            "memory_share_count": 320,
            "memory_share_level": "normal",
            "name": "deb-x11-template",
            "nested_hv_enabled": false,
            "network_interface_types": [
              "vmxnet3"
            ],
            "network_interfaces": [
              {
                "adapter_type": "vmxnet3",
                "bandwidth_limit": -1,
                "bandwidth_reservation": 0,
                "bandwidth_share_count": 50,
                "bandwidth_share_level": "normal",
                "mac_address": "00:50:56:93:01:ae",
                "network_id": "network-35"
              }
            ],
            "num_cores_per_socket": 1,
            "num_cpus": 1,
            "replace_trigger": null,
            "run_tools_scripts_after_power_on": true,
            "run_tools_scripts_after_resume": true,
            "run_tools_scripts_before_guest_reboot": false,
            "run_tools_scripts_before_guest_shutdown": true,
            "run_tools_scripts_before_guest_standby": true,
            "sata_controller_scan_count": 0,
            "scsi_bus_sharing": "noSharing",
            "scsi_controller_scan_count": 1,
            "scsi_type": "lsilogic-sas",
            "storage_policy_id": null,
            "swap_placement_policy": "inherit",
            "sync_time_with_host": true,
            "sync_time_with_host_periodically": false,
            "tools_upgrade_policy": "manual",
            "uuid": "4213d64b-0211-97bd-6fad-8964bd354139",
            "vapp": null,
            "vapp_transport": [],
            "vbs_enabled": false,
            "vvtd_enabled": false
          },
          "sensitive_attributes": []
        }
      ]
    },
    {
      "module": "module.staging[\"3\"]",
      "mode": "managed",
      "type": "vsphere_virtual_machine",
      "name": "standalone",
      "provider": "provider[\"registry.terraform.io/hashicorp/vsphere\"]",
      "instances": [
        {
          "schema_version": 3,
          "attributes": {
            "alternate_guest_name": "",
            "annotation": "",
            "boot_delay": 0,
            "boot_retry_delay": 10000,
            "boot_retry_enabled": false,
            "cdrom": [],
            "change_version": "2023-02-27T18:01:22.774507Z",
            "clone": [
              {
                "customize": [
                  {
                    "dns_server_list": [
                      "172.16.16.1"
                    ],
                    "dns_suffix_list": [
                      "typhon.tech"
                    ],
                    "ipv4_gateway": "172.16.16.1",
                    "ipv6_gateway": "",
                    "linux_options": [
                      {
                        "domain": "typhon.tech",
                        "host_name": "node-3",
                        "hw_clock_utc": true,
                        "script_text": "",
                        "time_zone": ""
                      }
                    ],
                    "network_interface": [
                      {
                        "dns_domain": "",
                        "dns_server_list": null,
                        "ipv4_address": "172.16.16.233",
                        "ipv4_netmask": 24,
                        "ipv6_address": "",
                        "ipv6_netmask": 0
                      }
                    ],
                    "timeout": 20,
                    "windows_options": [],
                    "windows_sysprep_text": ""
                  }
                ],
                "linked_clone": false,
                "ovf_network_map": null,
                "ovf_storage_map": null,
                "template_uuid": "4213d64b-0211-97bd-6fad-8964bd354139",
                "timeout": 30
              }
            ],
            "cpu_hot_add_enabled": false,
            "cpu_hot_remove_enabled": false,
            "cpu_limit": -1,
            "cpu_performance_counters_enabled": false,
            "cpu_reservation": 0,
            "cpu_share_count": 2000,
            "cpu_share_level": "normal",
            "custom_attributes": null,
            "datacenter_id": null,
            "datastore_cluster_id": null,
            "datastore_id": "datastore-19",
            "default_ip_address": "172.16.16.233",
            "disk": [
              {
                "attach": false,
                "controller_type": "scsi",
                "datastore_id": "datastore-19",
                "device_address": "scsi:0:0",
                "disk_mode": "persistent",
                "disk_sharing": "sharingNone",
                "eagerly_scrub": false,
                "io_limit": -1,
                "io_reservation": 0,
                "io_share_count": 1000,
                "io_share_level": "normal",
                "keep_on_remove": false,
                "key": 2000,
                "label": "node-3.vmdk",
                "path": "node-3/node-3.vmdk",
                "size": 16,
                "storage_policy_id": "",
                "thin_provisioned": true,
                "unit_number": 0,
                "uuid": "6000C291-35ad-5f4e-c49a-4c1e16de5e44",
                "write_through": false
              }
            ],
            "efi_secure_boot_enabled": false,
            "enable_disk_uuid": false,
            "enable_logging": false,
            "ept_rvi_mode": "automatic",
            "extra_config": {
              "guestinfo.metadata": "I2Nsb3VkLWNvbmZpZwpsb2NhbC1ob3N0bmFtZTogbm9kZS0zLXRlcnJhZm9ybQppbnN0YW5jZS1pZDogbm9kZS0zLXRlcnJhZm9ybQpuZXR3b3JrOgogIHZlcnNpb246IDIKICBldGhlcm5ldHM6CiAgICBlbnMxOTI6CiAgICAgIGRoY3A0OiBmYWxzZQogICAgICBhZGRyZXNzZXM6CiAgICAgICAgLSAxNzIuMTYuMTYuMjMzLzI0CiAgICAgIGdhdGV3YXk0OiAxNzIuMTYuMTYuMQogICAgICBuYW1lc2VydmVyczoKICAgICAgICBzZWFyY2g6IFtob21lXQogICAgICAgIGFkZHJlc3NlczogMTcyLjE2LjE2LjEKZ3Jvd3BhcnQ6CiAgbW9kZTogYXV0bwogIGRldmljZXM6IFsnL2Rldi9zZGEyJ10KICBpZ25vcmVfZ3Jvd3Jvb3RfZGlzYWJsZWQ6IHRydWUKd2FpdC1vbi1uZXR3b3JrOgogIGlwdjQ6IHRydWU=",
              "guestinfo.metadata.encoding": "base64",
              "guestinfo.userdata": "I2Nsb3VkLWNvbmZpZwp1c2VyczoKICAtIG5hbWU6IGh5b2dhCiAgICBncm91cHM6IHN1ZG8KICAgIHNoZWxsOiAvdXNyL2Jpbi96c2gKICAgIHN1ZG86IFsnQUxMPShBTEwpIE5PUEFTU1dEOkFMTCddCiAgICBzc2hfYXV0aG9yaXplZF9rZXlzOgogICAgICAtIHNzaC1lZDI1NTE5IEFBQUFDM056YUMxbFpESTFOVEU1QUFBQUlCSzJWbktnT1g3aTFJU0VUaGVxakFPMy94bzZEOW43UWJXeWZEQVBzWHdhIGNyeXB0bwoKcGFja2FnZXM6CiAgLSB2aW0KICAtIHpzaA==",
              "guestinfo.userdata.encoding": "base64"
            },
            "firmware": "bios",
            "folder": "",
            "force_power_off": true,
            "guest_id": "otherLinux64Guest",
            "guest_ip_addresses": [
              "172.16.16.233",
              "fe80::250:56ff:fe93:dd52"
            ],
            "hardware_version": 19,
            "host_system_id": "host-17",
            "hv_mode": "hvAuto",
            "id": "42131e44-dded-9d4b-ac2b-80e7d8c17309",
            "ide_controller_count": 2,
            "ignored_guest_ips": null,
            "imported": null,
            "latency_sensitivity": "normal",
            "memory": 2048,
            "memory_hot_add_enabled": false,
            "memory_limit": -1,
            "memory_reservation": 0,
            "memory_share_count": 20480,
            "memory_share_level": "normal",
            "migrate_wait_timeout": 30,
            "moid": "vm-2037",
            "name": "node-3",
            "nested_hv_enabled": false,
            "network_interface": [
              {
                "adapter_type": "vmxnet3",
                "bandwidth_limit": -1,
                "bandwidth_reservation": 0,
                "bandwidth_share_count": 50,
                "bandwidth_share_level": "normal",
                "device_address": "pci:0:7",
                "key": 4000,
                "mac_address": "00:50:56:93:dd:52",
                "network_id": "network-35",
                "ovf_mapping": "",
                "use_static_mac": false
              }
            ],
            "num_cores_per_socket": 1,
            "num_cpus": 2,
            "ovf_deploy": [],
            "pci_device_id": null,
            "power_state": "on",
            "poweron_timeout": 300,
            "reboot_required": false,
            "replace_trigger": null,
            "resource_pool_id": "resgroup-9",
            "run_tools_scripts_after_power_on": true,
            "run_tools_scripts_after_resume": true,
            "run_tools_scripts_before_guest_reboot": false,
            "run_tools_scripts_before_guest_shutdown": true,
            "run_tools_scripts_before_guest_standby": true,
            "sata_controller_count": 0,
            "scsi_bus_sharing": "noSharing",
            "scsi_controller_count": 1,
            "scsi_type": "pvscsi",
            "shutdown_wait_timeout": 3,
            "storage_policy_id": "",
            "swap_placement_policy": "inherit",
            "sync_time_with_host": false,
            "sync_time_with_host_periodically": false,
            "tags": null,
            "tools_upgrade_policy": "manual",
            "uuid": "42131e44-dded-9d4b-ac2b-80e7d8c17309",
            "vapp": [],
            "vapp_transport": [],
            "vbs_enabled": false,
            "vmware_tools_status": "guestToolsRunning",
            "vmx_path": "node-3/node-3.vmx",
            "vvtd_enabled": false,
            "wait_for_guest_ip_timeout": 0,
            "wait_for_guest_net_routable": true,
            "wait_for_guest_net_timeout": 5
          },
          "sensitive_attributes": [],
          "private": "eyJzY2hlbWFfdmVyc2lvbiI6IjMifQ==",
          "dependencies": [
            "module.staging.data.vsphere_compute_cluster.cluster",
            "module.staging.data.vsphere_datastore.datastore",
            "module.staging.data.vsphere_network.network",
            "module.staging.data.vsphere_virtual_machine.template"
          ]
        }
      ]
    }
  ],
  "check_results": null
}
